// !$*UTF8*$!
{
	archiveVersion = 1;
	classes = {
	};
	objectVersion = 56;
	objects = {

/* Begin PBXBuildFile section */
		0927E049296EF13600B16CE4 /* Main.storyboard in Resources */ = {isa = PBXBuildFile; fileRef = 0927E048296EF13600B16CE4 /* Main.storyboard */; };
		0927E04B296EF17600B16CE4 /* MainViewController.swift in Sources */ = {isa = PBXBuildFile; fileRef = 0927E04A296EF17600B16CE4 /* MainViewController.swift */; };
		0927E04D296F960300B16CE4 /* ChattingTableViewController.swift in Sources */ = {isa = PBXBuildFile; fileRef = 0927E04C296F960300B16CE4 /* ChattingTableViewController.swift */; };
		094E87A9298396FD00CB2444 /* DataModel.xcdatamodeld in Sources */ = {isa = PBXBuildFile; fileRef = 094E87A7298396FD00CB2444 /* DataModel.xcdatamodeld */; };
		09588A73297174480046F869 /* CalendarMain.storyboard in Resources */ = {isa = PBXBuildFile; fileRef = 09588A72297174480046F869 /* CalendarMain.storyboard */; };
		09588A75297174580046F869 /* CalendarMainViewController.swift in Sources */ = {isa = PBXBuildFile; fileRef = 09588A74297174580046F869 /* CalendarMainViewController.swift */; };
		09588A77297175590046F869 /* TodoMain.storyboard in Resources */ = {isa = PBXBuildFile; fileRef = 09588A76297175590046F869 /* TodoMain.storyboard */; };
		09588A79297175670046F869 /* TodoMainViewController.swift in Sources */ = {isa = PBXBuildFile; fileRef = 09588A78297175670046F869 /* TodoMainViewController.swift */; };
		09588A7C2971768F0046F869 /* NoticeMain.storyboard in Resources */ = {isa = PBXBuildFile; fileRef = 09588A7B2971768F0046F869 /* NoticeMain.storyboard */; };
		09588A7E2971777D0046F869 /* NoticeMainViewController.swift in Sources */ = {isa = PBXBuildFile; fileRef = 09588A7D2971777D0046F869 /* NoticeMainViewController.swift */; };
		09588A80297177EF0046F869 /* MypageMain.storyboard in Resources */ = {isa = PBXBuildFile; fileRef = 09588A7F297177EF0046F869 /* MypageMain.storyboard */; };
		09588A82297177FB0046F869 /* MyPageViewController.swift in Sources */ = {isa = PBXBuildFile; fileRef = 09588A81297177FB0046F869 /* MyPageViewController.swift */; };
		09588A86297180FD0046F869 /* MainTabBarController.swift in Sources */ = {isa = PBXBuildFile; fileRef = 09588A85297180FD0046F869 /* MainTabBarController.swift */; };
		09588A882971859A0046F869 /* MainTabBar.storyboard in Resources */ = {isa = PBXBuildFile; fileRef = 09588A872971859A0046F869 /* MainTabBar.storyboard */; };
		09588A8A29719C720046F869 /* TalkNavigationBar.swift in Sources */ = {isa = PBXBuildFile; fileRef = 09588A8929719C720046F869 /* TalkNavigationBar.swift */; };
		09588A8C2972AFA20046F869 /* InviteChattingPartner.storyboard in Resources */ = {isa = PBXBuildFile; fileRef = 09588A8B2972AFA20046F869 /* InviteChattingPartner.storyboard */; };
		09588A8E2972AFB70046F869 /* InviteChattingPartnerViewController.swift in Sources */ = {isa = PBXBuildFile; fileRef = 09588A8D2972AFB70046F869 /* InviteChattingPartnerViewController.swift */; };
		09588A902972D67B0046F869 /* TalkRollBox.swift in Sources */ = {isa = PBXBuildFile; fileRef = 09588A8F2972D67B0046F869 /* TalkRollBox.swift */; };
		09588A922972DEF80046F869 /* UIColor.swift in Sources */ = {isa = PBXBuildFile; fileRef = 09588A912972DEF80046F869 /* UIColor.swift */; };
		0990393B29645C3C0007CCB5 /* AppDelegate.swift in Sources */ = {isa = PBXBuildFile; fileRef = 0990393A29645C3C0007CCB5 /* AppDelegate.swift */; };
		0990393D29645C3C0007CCB5 /* SceneDelegate.swift in Sources */ = {isa = PBXBuildFile; fileRef = 0990393C29645C3C0007CCB5 /* SceneDelegate.swift */; };
		0990394429645C3D0007CCB5 /* Assets.xcassets in Resources */ = {isa = PBXBuildFile; fileRef = 0990394329645C3D0007CCB5 /* Assets.xcassets */; };
		0990394729645C3D0007CCB5 /* LaunchScreen.storyboard in Resources */ = {isa = PBXBuildFile; fileRef = 0990394529645C3D0007CCB5 /* LaunchScreen.storyboard */; };
		09BEA92829752C3A00AABDA0 /* TalkUIColor.swift in Sources */ = {isa = PBXBuildFile; fileRef = 09BEA92729752C3A00AABDA0 /* TalkUIColor.swift */; };
		09BEA92A29753DF000AABDA0 /* TalkCheckBox.swift in Sources */ = {isa = PBXBuildFile; fileRef = 09BEA92929753DF000AABDA0 /* TalkCheckBox.swift */; };
		09BED39F2977E86B00F5385D /* InviteChattingPartnerTableViewCell.swift in Sources */ = {isa = PBXBuildFile; fileRef = 09BED39E2977E86B00F5385D /* InviteChattingPartnerTableViewCell.swift */; };
		09D42FC72968292800E70F80 /* HomeMain.storyboard in Resources */ = {isa = PBXBuildFile; fileRef = 09D42FC62968292800E70F80 /* HomeMain.storyboard */; };
		09D42FC92968296700E70F80 /* HomeMainViewController.swift in Sources */ = {isa = PBXBuildFile; fileRef = 09D42FC82968296700E70F80 /* HomeMainViewController.swift */; };
		09D53405298939B400A1F4EF /* HomeNoGroup.storyboard in Resources */ = {isa = PBXBuildFile; fileRef = 09D53404298939B400A1F4EF /* HomeNoGroup.storyboard */; };
		09D53407298939CB00A1F4EF /* HomeNoGroupViewController.swift in Sources */ = {isa = PBXBuildFile; fileRef = 09D53406298939CB00A1F4EF /* HomeNoGroupViewController.swift */; };
		09D5340929893B0000A1F4EF /* Utils.swift in Sources */ = {isa = PBXBuildFile; fileRef = 09D5340829893B0000A1F4EF /* Utils.swift */; };
		09D5340B2989586100A1F4EF /* HomeMainGroupData.swift in Sources */ = {isa = PBXBuildFile; fileRef = 09D5340A2989586100A1F4EF /* HomeMainGroupData.swift */; };
		09D5340D2989765900A1F4EF /* HomeMainCollectionViewCell.swift in Sources */ = {isa = PBXBuildFile; fileRef = 09D5340C2989765900A1F4EF /* HomeMainCollectionViewCell.swift */; };
		5A080F6B297E8762004DF4C7 /* CALayer.swift in Sources */ = {isa = PBXBuildFile; fileRef = 5A080F6A297E8762004DF4C7 /* CALayer.swift */; };
		5A2DD75629819176004F907A /* HomeMainViewController.swift in Sources */ = {isa = PBXBuildFile; fileRef = 09D42FC82968296700E70F80 /* HomeMainViewController.swift */; };
		5A6438A8296E9D0F00860AEA /* HomeMainViewController.swift in Sources */ = {isa = PBXBuildFile; fileRef = 09D42FC82968296700E70F80 /* HomeMainViewController.swift */; };
		5A804E5E298845C000916B13 /* FSCalendarEx.swift in Sources */ = {isa = PBXBuildFile; fileRef = 5A804E5D298845C000916B13 /* FSCalendarEx.swift */; };
		5A8C0937298A25EC00A6CF61 /* ScheduleListCell.swift in Sources */ = {isa = PBXBuildFile; fileRef = 5A8C0936298A25EC00A6CF61 /* ScheduleListCell.swift */; };
		5A90CB462982781600561FC8 /* Chattingroom.storyboard in Resources */ = {isa = PBXBuildFile; fileRef = 5A90CB452982781600561FC8 /* Chattingroom.storyboard */; };
		5A90CB4A2982897D00561FC8 /* CalendarContentViewController.swift in Sources */ = {isa = PBXBuildFile; fileRef = 5A90CB492982897D00561FC8 /* CalendarContentViewController.swift */; };
		5A90CB4C2982899600561FC8 /* CalendarEditViewController.swift in Sources */ = {isa = PBXBuildFile; fileRef = 5A90CB4B2982899600561FC8 /* CalendarEditViewController.swift */; };
		5A90CB4E2982930D00561FC8 /* CalendarAddViewController.swift in Sources */ = {isa = PBXBuildFile; fileRef = 5A90CB4D2982930D00561FC8 /* CalendarAddViewController.swift */; };
		5AB68D852987C2090075203A /* CustomView.swift in Sources */ = {isa = PBXBuildFile; fileRef = 5AB68D842987C2090075203A /* CustomView.swift */; };
		5AC6CF2B296C029C00CCFAFA /* ChattingroomViewController.swift in Sources */ = {isa = PBXBuildFile; fileRef = 5AC6CF2A296C029C00CCFAFA /* ChattingroomViewController.swift */; };
		D2BE5E6A2977DA4E0062983F /* ChattingTable.storyboard in Resources */ = {isa = PBXBuildFile; fileRef = D2BE5E692977DA4E0062983F /* ChattingTable.storyboard */; };
		D2F055B0298AF061000B1C15 /* MemberViewController.swift in Sources */ = {isa = PBXBuildFile; fileRef = D2F055AF298AF061000B1C15 /* MemberViewController.swift */; };
		D2F055B2298AF316000B1C15 /* Member.storyboard in Resources */ = {isa = PBXBuildFile; fileRef = D2F055B1298AF316000B1C15 /* Member.storyboard */; };
		D95917809B2B4F8534E9CB1C /* Pods_talk_iOS.framework in Frameworks */ = {isa = PBXBuildFile; fileRef = 86509861BF680D4C9D1D4CFC /* Pods_talk_iOS.framework */; };
/* End PBXBuildFile section */

/* Begin PBXFileReference section */
		0927E048296EF13600B16CE4 /* Main.storyboard */ = {isa = PBXFileReference; lastKnownFileType = file.storyboard; path = Main.storyboard; sourceTree = "<group>"; };
		0927E04A296EF17600B16CE4 /* MainViewController.swift */ = {isa = PBXFileReference; lastKnownFileType = sourcecode.swift; path = MainViewController.swift; sourceTree = "<group>"; };
		0927E04C296F960300B16CE4 /* ChattingTableViewController.swift */ = {isa = PBXFileReference; lastKnownFileType = sourcecode.swift; path = ChattingTableViewController.swift; sourceTree = "<group>"; };
		094E87A8298396FD00CB2444 /* Model.xcdatamodel */ = {isa = PBXFileReference; lastKnownFileType = wrapper.xcdatamodel; path = Model.xcdatamodel; sourceTree = "<group>"; };
		09588A72297174480046F869 /* CalendarMain.storyboard */ = {isa = PBXFileReference; lastKnownFileType = file.storyboard; path = CalendarMain.storyboard; sourceTree = "<group>"; };
		09588A74297174580046F869 /* CalendarMainViewController.swift */ = {isa = PBXFileReference; lastKnownFileType = sourcecode.swift; path = CalendarMainViewController.swift; sourceTree = "<group>"; };
		09588A76297175590046F869 /* TodoMain.storyboard */ = {isa = PBXFileReference; lastKnownFileType = file.storyboard; path = TodoMain.storyboard; sourceTree = "<group>"; };
		09588A78297175670046F869 /* TodoMainViewController.swift */ = {isa = PBXFileReference; lastKnownFileType = sourcecode.swift; path = TodoMainViewController.swift; sourceTree = "<group>"; };
		09588A7B2971768F0046F869 /* NoticeMain.storyboard */ = {isa = PBXFileReference; lastKnownFileType = file.storyboard; path = NoticeMain.storyboard; sourceTree = "<group>"; };
		09588A7D2971777D0046F869 /* NoticeMainViewController.swift */ = {isa = PBXFileReference; lastKnownFileType = sourcecode.swift; path = NoticeMainViewController.swift; sourceTree = "<group>"; };
		09588A7F297177EF0046F869 /* MypageMain.storyboard */ = {isa = PBXFileReference; lastKnownFileType = file.storyboard; path = MypageMain.storyboard; sourceTree = "<group>"; };
		09588A81297177FB0046F869 /* MyPageViewController.swift */ = {isa = PBXFileReference; lastKnownFileType = sourcecode.swift; path = MyPageViewController.swift; sourceTree = "<group>"; };
		09588A85297180FD0046F869 /* MainTabBarController.swift */ = {isa = PBXFileReference; lastKnownFileType = sourcecode.swift; path = MainTabBarController.swift; sourceTree = "<group>"; };
		09588A872971859A0046F869 /* MainTabBar.storyboard */ = {isa = PBXFileReference; lastKnownFileType = file.storyboard; path = MainTabBar.storyboard; sourceTree = "<group>"; };
		09588A8929719C720046F869 /* TalkNavigationBar.swift */ = {isa = PBXFileReference; lastKnownFileType = sourcecode.swift; path = TalkNavigationBar.swift; sourceTree = "<group>"; };
		09588A8B2972AFA20046F869 /* InviteChattingPartner.storyboard */ = {isa = PBXFileReference; lastKnownFileType = file.storyboard; path = InviteChattingPartner.storyboard; sourceTree = "<group>"; };
		09588A8D2972AFB70046F869 /* InviteChattingPartnerViewController.swift */ = {isa = PBXFileReference; lastKnownFileType = sourcecode.swift; path = InviteChattingPartnerViewController.swift; sourceTree = "<group>"; };
		09588A8F2972D67B0046F869 /* TalkRollBox.swift */ = {isa = PBXFileReference; lastKnownFileType = sourcecode.swift; path = TalkRollBox.swift; sourceTree = "<group>"; };
		09588A912972DEF80046F869 /* UIColor.swift */ = {isa = PBXFileReference; lastKnownFileType = sourcecode.swift; name = UIColor.swift; path = talk_iOS/Resources/Extensions/UIColor.swift; sourceTree = SOURCE_ROOT; };
		0990393729645C3C0007CCB5 /* talk_iOS.app */ = {isa = PBXFileReference; explicitFileType = wrapper.application; includeInIndex = 0; path = talk_iOS.app; sourceTree = BUILT_PRODUCTS_DIR; };
		0990393A29645C3C0007CCB5 /* AppDelegate.swift */ = {isa = PBXFileReference; lastKnownFileType = sourcecode.swift; path = AppDelegate.swift; sourceTree = "<group>"; };
		0990393C29645C3C0007CCB5 /* SceneDelegate.swift */ = {isa = PBXFileReference; lastKnownFileType = sourcecode.swift; path = SceneDelegate.swift; sourceTree = "<group>"; };
		0990394329645C3D0007CCB5 /* Assets.xcassets */ = {isa = PBXFileReference; lastKnownFileType = folder.assetcatalog; path = Assets.xcassets; sourceTree = "<group>"; };
		0990394629645C3D0007CCB5 /* Base */ = {isa = PBXFileReference; lastKnownFileType = file.storyboard; name = Base; path = Base.lproj/LaunchScreen.storyboard; sourceTree = "<group>"; };
		0990394829645C3D0007CCB5 /* Info.plist */ = {isa = PBXFileReference; lastKnownFileType = text.plist.xml; path = Info.plist; sourceTree = "<group>"; };
		09BEA92729752C3A00AABDA0 /* TalkUIColor.swift */ = {isa = PBXFileReference; lastKnownFileType = sourcecode.swift; path = TalkUIColor.swift; sourceTree = "<group>"; };
		09BEA92929753DF000AABDA0 /* TalkCheckBox.swift */ = {isa = PBXFileReference; lastKnownFileType = sourcecode.swift; path = TalkCheckBox.swift; sourceTree = "<group>"; };
		09BED39E2977E86B00F5385D /* InviteChattingPartnerTableViewCell.swift */ = {isa = PBXFileReference; lastKnownFileType = sourcecode.swift; path = InviteChattingPartnerTableViewCell.swift; sourceTree = "<group>"; };
		09D42FC62968292800E70F80 /* HomeMain.storyboard */ = {isa = PBXFileReference; lastKnownFileType = file.storyboard; path = HomeMain.storyboard; sourceTree = "<group>"; };
		09D42FC82968296700E70F80 /* HomeMainViewController.swift */ = {isa = PBXFileReference; lastKnownFileType = sourcecode.swift; path = HomeMainViewController.swift; sourceTree = "<group>"; };
		09D42FD12968415700E70F80 /* ChattingTableViewController.swift */ = {isa = PBXFileReference; lastKnownFileType = sourcecode.swift; path = ChattingTableViewController.swift; sourceTree = "<group>"; };
		09D42FD3296A8FCD00E70F80 /* env.xcconfig */ = {isa = PBXFileReference; lastKnownFileType = text.xcconfig; path = env.xcconfig; sourceTree = "<group>"; };
		09D53404298939B400A1F4EF /* HomeNoGroup.storyboard */ = {isa = PBXFileReference; lastKnownFileType = file.storyboard; path = HomeNoGroup.storyboard; sourceTree = "<group>"; };
		09D53406298939CB00A1F4EF /* HomeNoGroupViewController.swift */ = {isa = PBXFileReference; lastKnownFileType = sourcecode.swift; path = HomeNoGroupViewController.swift; sourceTree = "<group>"; };
		09D5340829893B0000A1F4EF /* Utils.swift */ = {isa = PBXFileReference; lastKnownFileType = sourcecode.swift; path = Utils.swift; sourceTree = "<group>"; };
		09D5340A2989586100A1F4EF /* HomeMainGroupData.swift */ = {isa = PBXFileReference; lastKnownFileType = sourcecode.swift; path = HomeMainGroupData.swift; sourceTree = "<group>"; };
		09D5340C2989765900A1F4EF /* HomeMainCollectionViewCell.swift */ = {isa = PBXFileReference; lastKnownFileType = sourcecode.swift; path = HomeMainCollectionViewCell.swift; sourceTree = "<group>"; };
		5A080F6A297E8762004DF4C7 /* CALayer.swift */ = {isa = PBXFileReference; lastKnownFileType = sourcecode.swift; name = CALayer.swift; path = talk_iOS/Sources/Home/Chatting/CALayer.swift; sourceTree = SOURCE_ROOT; };
		5A804E5D298845C000916B13 /* FSCalendarEx.swift */ = {isa = PBXFileReference; lastKnownFileType = sourcecode.swift; path = FSCalendarEx.swift; sourceTree = "<group>"; };
		5A8C0936298A25EC00A6CF61 /* ScheduleListCell.swift */ = {isa = PBXFileReference; lastKnownFileType = sourcecode.swift; path = ScheduleListCell.swift; sourceTree = "<group>"; };
		5A90CB452982781600561FC8 /* Chattingroom.storyboard */ = {isa = PBXFileReference; lastKnownFileType = file.storyboard; path = Chattingroom.storyboard; sourceTree = "<group>"; };
		5A90CB492982897D00561FC8 /* CalendarContentViewController.swift */ = {isa = PBXFileReference; lastKnownFileType = sourcecode.swift; path = CalendarContentViewController.swift; sourceTree = "<group>"; };
		5A90CB4B2982899600561FC8 /* CalendarEditViewController.swift */ = {isa = PBXFileReference; lastKnownFileType = sourcecode.swift; path = CalendarEditViewController.swift; sourceTree = "<group>"; };
		5A90CB4D2982930D00561FC8 /* CalendarAddViewController.swift */ = {isa = PBXFileReference; lastKnownFileType = sourcecode.swift; path = CalendarAddViewController.swift; sourceTree = "<group>"; };
		5AB68D842987C2090075203A /* CustomView.swift */ = {isa = PBXFileReference; lastKnownFileType = sourcecode.swift; path = CustomView.swift; sourceTree = "<group>"; };
		5AC6CF2A296C029C00CCFAFA /* ChattingroomViewController.swift */ = {isa = PBXFileReference; lastKnownFileType = sourcecode.swift; path = ChattingroomViewController.swift; sourceTree = "<group>"; };
		86509861BF680D4C9D1D4CFC /* Pods_talk_iOS.framework */ = {isa = PBXFileReference; explicitFileType = wrapper.framework; includeInIndex = 0; path = Pods_talk_iOS.framework; sourceTree = BUILT_PRODUCTS_DIR; };
		D2BE5E692977DA4E0062983F /* ChattingTable.storyboard */ = {isa = PBXFileReference; lastKnownFileType = file.storyboard; path = ChattingTable.storyboard; sourceTree = "<group>"; };
		D2F055AF298AF061000B1C15 /* MemberViewController.swift */ = {isa = PBXFileReference; lastKnownFileType = sourcecode.swift; path = MemberViewController.swift; sourceTree = "<group>"; };
		D2F055B1298AF316000B1C15 /* Member.storyboard */ = {isa = PBXFileReference; lastKnownFileType = file.storyboard; path = Member.storyboard; sourceTree = "<group>"; };
		D85FC97A712F73F7A6502D45 /* Pods-talk_iOS.release.xcconfig */ = {isa = PBXFileReference; includeInIndex = 1; lastKnownFileType = text.xcconfig; name = "Pods-talk_iOS.release.xcconfig"; path = "Target Support Files/Pods-talk_iOS/Pods-talk_iOS.release.xcconfig"; sourceTree = "<group>"; };
		DB3340AD52661E0631DFC930 /* Pods-talk_iOS.debug.xcconfig */ = {isa = PBXFileReference; includeInIndex = 1; lastKnownFileType = text.xcconfig; name = "Pods-talk_iOS.debug.xcconfig"; path = "Target Support Files/Pods-talk_iOS/Pods-talk_iOS.debug.xcconfig"; sourceTree = "<group>"; };
/* End PBXFileReference section */

/* Begin PBXFrameworksBuildPhase section */
		0990393429645C3C0007CCB5 /* Frameworks */ = {
			isa = PBXFrameworksBuildPhase;
			buildActionMask = 2147483647;
			files = (
				D95917809B2B4F8534E9CB1C /* Pods_talk_iOS.framework in Frameworks */,
			);
			runOnlyForDeploymentPostprocessing = 0;
		};
/* End PBXFrameworksBuildPhase section */

/* Begin PBXGroup section */
		09588A6E2971738A0046F869 /* Calendar */ = {
			isa = PBXGroup;
			children = (
				09588A72297174480046F869 /* CalendarMain.storyboard */,
				09588A74297174580046F869 /* CalendarMainViewController.swift */,
				5A90CB4D2982930D00561FC8 /* CalendarAddViewController.swift */,
				5A90CB492982897D00561FC8 /* CalendarContentViewController.swift */,
				5A90CB4B2982899600561FC8 /* CalendarEditViewController.swift */,
			);
			path = Calendar;
			sourceTree = "<group>";
		};
		09588A6F297173BE0046F869 /* Todo */ = {
			isa = PBXGroup;
			children = (
				09588A76297175590046F869 /* TodoMain.storyboard */,
				09588A78297175670046F869 /* TodoMainViewController.swift */,
			);
			path = Todo;
			sourceTree = "<group>";
		};
		09588A70297174000046F869 /* Notice */ = {
			isa = PBXGroup;
			children = (
				09588A7B2971768F0046F869 /* NoticeMain.storyboard */,
				09588A7D2971777D0046F869 /* NoticeMainViewController.swift */,
			);
			path = Notice;
			sourceTree = "<group>";
		};
		09588A712971740A0046F869 /* MyPage */ = {
			isa = PBXGroup;
			children = (
				09588A7F297177EF0046F869 /* MypageMain.storyboard */,
				09588A81297177FB0046F869 /* MyPageViewController.swift */,
			);
			path = MyPage;
			sourceTree = "<group>";
		};
		0990392E29645C3C0007CCB5 = {
			isa = PBXGroup;
			children = (
				0990393929645C3C0007CCB5 /* talk_iOS */,
				0990393829645C3C0007CCB5 /* Products */,
				2BBA624E13136C34A0C782D2 /* Pods */,
				FA3045F92BEE51ED7CB7C4BF /* Frameworks */,
				5A6438B1296F0B1E00860AEA /* Recovered References */,
			);
			sourceTree = "<group>";
		};
		0990393829645C3C0007CCB5 /* Products */ = {
			isa = PBXGroup;
			children = (
				0990393729645C3C0007CCB5 /* talk_iOS.app */,
			);
			name = Products;
			sourceTree = "<group>";
		};
		0990393929645C3C0007CCB5 /* talk_iOS */ = {
			isa = PBXGroup;
			children = (
				09F8A3B12966CC7700BE850F /* Common */,
				09F8A3B02966CC4C00BE850F /* Sources */,
				09F8A3B32966CD4600BE850F /* Resources */,
				09F8A3B22966CC8B00BE850F /* Application */,
				0990394829645C3D0007CCB5 /* Info.plist */,
				09D42FD3296A8FCD00E70F80 /* env.xcconfig */,
				094E87A7298396FD00CB2444 /* DataModel.xcdatamodeld */,
			);
			path = talk_iOS;
			sourceTree = "<group>";
		};
		09D42FCC2968409D00E70F80 /* Chatting */ = {
			isa = PBXGroup;
			children = (
				D2BE5E692977DA4E0062983F /* ChattingTable.storyboard */,
				0927E04C296F960300B16CE4 /* ChattingTableViewController.swift */,
				5A90CB452982781600561FC8 /* Chattingroom.storyboard */,
				5AC6CF2A296C029C00CCFAFA /* ChattingroomViewController.swift */,
				09588A8B2972AFA20046F869 /* InviteChattingPartner.storyboard */,
				09588A8D2972AFB70046F869 /* InviteChattingPartnerViewController.swift */,
				09BED39E2977E86B00F5385D /* InviteChattingPartnerTableViewCell.swift */,
			);
			path = Chatting;
			sourceTree = "<group>";
		};
		09F8A3B02966CC4C00BE850F /* Sources */ = {
			isa = PBXGroup;
			children = (
				09F8A3B92966CE2300BE850F /* Login */,
				09F8A3BE2966CFE000BE850F /* Home */,
				09588A6E2971738A0046F869 /* Calendar */,
				09588A6F297173BE0046F869 /* Todo */,
				09588A70297174000046F869 /* Notice */,
				09588A712971740A0046F869 /* MyPage */,
				09588A872971859A0046F869 /* MainTabBar.storyboard */,
				09588A85297180FD0046F869 /* MainTabBarController.swift */,
			);
			path = Sources;
			sourceTree = "<group>";
		};
		09F8A3B12966CC7700BE850F /* Common */ = {
			isa = PBXGroup;
			children = (
				09F8A3B62966CDE000BE850F /* Struct */,
				09F8A3B72966CDE700BE850F /* API */,
				09F8A3B82966CDEE00BE850F /* Extension */,
			);
			path = Common;
			sourceTree = "<group>";
		};
		09F8A3B22966CC8B00BE850F /* Application */ = {
			isa = PBXGroup;
			children = (
				0990394529645C3D0007CCB5 /* LaunchScreen.storyboard */,
				0990393A29645C3C0007CCB5 /* AppDelegate.swift */,
				0990393C29645C3C0007CCB5 /* SceneDelegate.swift */,
			);
			path = Application;
			sourceTree = "<group>";
		};
		09F8A3B32966CD4600BE850F /* Resources */ = {
			isa = PBXGroup;
			children = (
				09F8A3B52966CDC000BE850F /* Fonts */,
				09F8A3B42966CDB400BE850F /* Extensions */,
				0990394329645C3D0007CCB5 /* Assets.xcassets */,
			);
			path = Resources;
			sourceTree = "<group>";
		};
		09F8A3B42966CDB400BE850F /* Extensions */ = {
			isa = PBXGroup;
			children = (
				5A080F6A297E8762004DF4C7 /* CALayer.swift */,
				09588A8929719C720046F869 /* TalkNavigationBar.swift */,
				09BEA92729752C3A00AABDA0 /* TalkUIColor.swift */,
				09588A8F2972D67B0046F869 /* TalkRollBox.swift */,
				09BEA92929753DF000AABDA0 /* TalkCheckBox.swift */,
				5AB68D842987C2090075203A /* CustomView.swift */,
				09D5340829893B0000A1F4EF /* Utils.swift */,
				5A804E5D298845C000916B13 /* FSCalendarEx.swift */,
				5A8C0936298A25EC00A6CF61 /* ScheduleListCell.swift */,
			);
			path = Extensions;
			sourceTree = "<group>";
		};
		09F8A3B52966CDC000BE850F /* Fonts */ = {
			isa = PBXGroup;
			children = (
			);
			path = Fonts;
			sourceTree = "<group>";
		};
		09F8A3B62966CDE000BE850F /* Struct */ = {
			isa = PBXGroup;
			children = (
			);
			path = Struct;
			sourceTree = "<group>";
		};
		09F8A3B72966CDE700BE850F /* API */ = {
			isa = PBXGroup;
			children = (
			);
			path = API;
			sourceTree = "<group>";
		};
		09F8A3B82966CDEE00BE850F /* Extension */ = {
			isa = PBXGroup;
			children = (
				09588A912972DEF80046F869 /* UIColor.swift */,
			);
			path = Extension;
			sourceTree = "<group>";
		};
		09F8A3B92966CE2300BE850F /* Login */ = {
			isa = PBXGroup;
			children = (
				0927E048296EF13600B16CE4 /* Main.storyboard */,
				0927E04A296EF17600B16CE4 /* MainViewController.swift */,
			);
			path = Login;
			sourceTree = "<group>";
		};
		09F8A3BE2966CFE000BE850F /* Home */ = {
			isa = PBXGroup;
			children = (
				D2F055AE298AF046000B1C15 /* Member */,
				09D42FCC2968409D00E70F80 /* Chatting */,
				09D42FC62968292800E70F80 /* HomeMain.storyboard */,
				09D42FC82968296700E70F80 /* HomeMainViewController.swift */,
				09D5340C2989765900A1F4EF /* HomeMainCollectionViewCell.swift */,
				09D5340A2989586100A1F4EF /* HomeMainGroupData.swift */,
				09D53404298939B400A1F4EF /* HomeNoGroup.storyboard */,
				09D53406298939CB00A1F4EF /* HomeNoGroupViewController.swift */,
			);
			path = Home;
			sourceTree = "<group>";
		};
		2BBA624E13136C34A0C782D2 /* Pods */ = {
			isa = PBXGroup;
			children = (
				DB3340AD52661E0631DFC930 /* Pods-talk_iOS.debug.xcconfig */,
				D85FC97A712F73F7A6502D45 /* Pods-talk_iOS.release.xcconfig */,
			);
			path = Pods;
			sourceTree = "<group>";
		};
		5A6438B1296F0B1E00860AEA /* Recovered References */ = {
			isa = PBXGroup;
			children = (
				09D42FD12968415700E70F80 /* ChattingTableViewController.swift */,
			);
			name = "Recovered References";
			sourceTree = "<group>";
		};
		D2F055AE298AF046000B1C15 /* Member */ = {
			isa = PBXGroup;
			children = (
				D2F055AF298AF061000B1C15 /* MemberViewController.swift */,
				D2F055B1298AF316000B1C15 /* Member.storyboard */,
			);
			path = Member;
			sourceTree = "<group>";
		};
		FA3045F92BEE51ED7CB7C4BF /* Frameworks */ = {
			isa = PBXGroup;
			children = (
				86509861BF680D4C9D1D4CFC /* Pods_talk_iOS.framework */,
			);
			name = Frameworks;
			sourceTree = "<group>";
		};
/* End PBXGroup section */

/* Begin PBXNativeTarget section */
		0990393629645C3C0007CCB5 /* talk_iOS */ = {
			isa = PBXNativeTarget;
			buildConfigurationList = 0990394B29645C3D0007CCB5 /* Build configuration list for PBXNativeTarget "talk_iOS" */;
			buildPhases = (
				01A699F6B977BA8F5FDB3D50 /* [CP] Check Pods Manifest.lock */,
				0990393329645C3C0007CCB5 /* Sources */,
				0990393429645C3C0007CCB5 /* Frameworks */,
				0990393529645C3C0007CCB5 /* Resources */,
				BF90C220C4DB7750D90AB4CE /* [CP] Embed Pods Frameworks */,
			);
			buildRules = (
			);
			dependencies = (
			);
			name = talk_iOS;
			productName = talk_iOS;
			productReference = 0990393729645C3C0007CCB5 /* talk_iOS.app */;
			productType = "com.apple.product-type.application";
		};
/* End PBXNativeTarget section */

/* Begin PBXProject section */
		0990392F29645C3C0007CCB5 /* Project object */ = {
			isa = PBXProject;
			attributes = {
				BuildIndependentTargetsInParallel = 1;
				LastSwiftUpdateCheck = 1410;
				LastUpgradeCheck = 1410;
				TargetAttributes = {
					0990393629645C3C0007CCB5 = {
						CreatedOnToolsVersion = 14.1;
					};
				};
			};
			buildConfigurationList = 0990393229645C3C0007CCB5 /* Build configuration list for PBXProject "talk_iOS" */;
			compatibilityVersion = "Xcode 14.0";
			developmentRegion = en;
			hasScannedForEncodings = 0;
			knownRegions = (
				en,
				Base,
			);
			mainGroup = 0990392E29645C3C0007CCB5;
			productRefGroup = 0990393829645C3C0007CCB5 /* Products */;
			projectDirPath = "";
			projectRoot = "";
			targets = (
				0990393629645C3C0007CCB5 /* talk_iOS */,
			);
		};
/* End PBXProject section */

/* Begin PBXResourcesBuildPhase section */
		0990393529645C3C0007CCB5 /* Resources */ = {
			isa = PBXResourcesBuildPhase;
			buildActionMask = 2147483647;
			files = (
				09588A73297174480046F869 /* CalendarMain.storyboard in Resources */,
				09588A882971859A0046F869 /* MainTabBar.storyboard in Resources */,
				09588A77297175590046F869 /* TodoMain.storyboard in Resources */,
				0990394729645C3D0007CCB5 /* LaunchScreen.storyboard in Resources */,
				0990394429645C3D0007CCB5 /* Assets.xcassets in Resources */,
				5A90CB462982781600561FC8 /* Chattingroom.storyboard in Resources */,
				09D42FC72968292800E70F80 /* HomeMain.storyboard in Resources */,
				09588A7C2971768F0046F869 /* NoticeMain.storyboard in Resources */,
				0927E049296EF13600B16CE4 /* Main.storyboard in Resources */,
				0990394429645C3D0007CCB5 /* Assets.xcassets in Resources */,
				09588A8C2972AFA20046F869 /* InviteChattingPartner.storyboard in Resources */,
				D2BE5E6A2977DA4E0062983F /* ChattingTable.storyboard in Resources */,
				09D42FC72968292800E70F80 /* HomeMain.storyboard in Resources */,
				09588A80297177EF0046F869 /* MypageMain.storyboard in Resources */,
				09D53405298939B400A1F4EF /* HomeNoGroup.storyboard in Resources */,
				D2F055B2298AF316000B1C15 /* Member.storyboard in Resources */,
			);
			runOnlyForDeploymentPostprocessing = 0;
		};
/* End PBXResourcesBuildPhase section */

/* Begin PBXShellScriptBuildPhase section */
		01A699F6B977BA8F5FDB3D50 /* [CP] Check Pods Manifest.lock */ = {
			isa = PBXShellScriptBuildPhase;
			buildActionMask = 2147483647;
			files = (
			);
			inputFileListPaths = (
			);
			inputPaths = (
				"${PODS_PODFILE_DIR_PATH}/Podfile.lock",
				"${PODS_ROOT}/Manifest.lock",
			);
			name = "[CP] Check Pods Manifest.lock";
			outputFileListPaths = (
			);
			outputPaths = (
				"$(DERIVED_FILE_DIR)/Pods-talk_iOS-checkManifestLockResult.txt",
			);
			runOnlyForDeploymentPostprocessing = 0;
			shellPath = /bin/sh;
			shellScript = "diff \"${PODS_PODFILE_DIR_PATH}/Podfile.lock\" \"${PODS_ROOT}/Manifest.lock\" > /dev/null\nif [ $? != 0 ] ; then\n    # print error to STDERR\n    echo \"error: The sandbox is not in sync with the Podfile.lock. Run 'pod install' or update your CocoaPods installation.\" >&2\n    exit 1\nfi\n# This output is used by Xcode 'outputs' to avoid re-running this script phase.\necho \"SUCCESS\" > \"${SCRIPT_OUTPUT_FILE_0}\"\n";
			showEnvVarsInLog = 0;
		};
		BF90C220C4DB7750D90AB4CE /* [CP] Embed Pods Frameworks */ = {
			isa = PBXShellScriptBuildPhase;
			buildActionMask = 2147483647;
			files = (
			);
			inputFileListPaths = (
				"${PODS_ROOT}/Target Support Files/Pods-talk_iOS/Pods-talk_iOS-frameworks-${CONFIGURATION}-input-files.xcfilelist",
			);
			name = "[CP] Embed Pods Frameworks";
			outputFileListPaths = (
				"${PODS_ROOT}/Target Support Files/Pods-talk_iOS/Pods-talk_iOS-frameworks-${CONFIGURATION}-output-files.xcfilelist",
			);
			runOnlyForDeploymentPostprocessing = 0;
			shellPath = /bin/sh;
			shellScript = "\"${PODS_ROOT}/Target Support Files/Pods-talk_iOS/Pods-talk_iOS-frameworks.sh\"\n";
			showEnvVarsInLog = 0;
		};
/* End PBXShellScriptBuildPhase section */

/* Begin PBXSourcesBuildPhase section */
		0990393329645C3C0007CCB5 /* Sources */ = {
			isa = PBXSourcesBuildPhase;
			buildActionMask = 2147483647;
			files = (
				09D5340D2989765900A1F4EF /* HomeMainCollectionViewCell.swift in Sources */,
				5A2DD75629819176004F907A /* HomeMainViewController.swift in Sources */,
				0990393B29645C3C0007CCB5 /* AppDelegate.swift in Sources */,
				09588A75297174580046F869 /* CalendarMainViewController.swift in Sources */,
				5A90CB4E2982930D00561FC8 /* CalendarAddViewController.swift in Sources */,
				0927E04B296EF17600B16CE4 /* MainViewController.swift in Sources */,
				09D5340929893B0000A1F4EF /* Utils.swift in Sources */,
				0990393B29645C3C0007CCB5 /* AppDelegate.swift in Sources */,
				09D42FC92968296700E70F80 /* HomeMainViewController.swift in Sources */,
				5A6438A8296E9D0F00860AEA /* HomeMainViewController.swift in Sources */,
				5A90CB4C2982899600561FC8 /* CalendarEditViewController.swift in Sources */,
				5AC6CF2B296C029C00CCFAFA /* ChattingroomViewController.swift in Sources */,
				09588A922972DEF80046F869 /* UIColor.swift in Sources */,
				09588A82297177FB0046F869 /* MyPageViewController.swift in Sources */,
				09588A7E2971777D0046F869 /* NoticeMainViewController.swift in Sources */,
				09588A79297175670046F869 /* TodoMainViewController.swift in Sources */,
				09D5340B2989586100A1F4EF /* HomeMainGroupData.swift in Sources */,
				09BEA92A29753DF000AABDA0 /* TalkCheckBox.swift in Sources */,
				09BED39F2977E86B00F5385D /* InviteChattingPartnerTableViewCell.swift in Sources */,
				09588A902972D67B0046F869 /* TalkRollBox.swift in Sources */,
				09588A86297180FD0046F869 /* MainTabBarController.swift in Sources */,
				D2F055B0298AF061000B1C15 /* MemberViewController.swift in Sources */,
				09588A8E2972AFB70046F869 /* InviteChattingPartnerViewController.swift in Sources */,
				5A8C0937298A25EC00A6CF61 /* ScheduleListCell.swift in Sources */,
				0990393B29645C3C0007CCB5 /* AppDelegate.swift in Sources */,
				09588A8A29719C720046F869 /* TalkNavigationBar.swift in Sources */,
				5A804E5E298845C000916B13 /* FSCalendarEx.swift in Sources */,
				5A90CB4A2982897D00561FC8 /* CalendarContentViewController.swift in Sources */,
				09D53407298939CB00A1F4EF /* HomeNoGroupViewController.swift in Sources */,
				5AB68D852987C2090075203A /* CustomView.swift in Sources */,
				09BEA92829752C3A00AABDA0 /* TalkUIColor.swift in Sources */,
				0990393D29645C3C0007CCB5 /* SceneDelegate.swift in Sources */,
				094E87A9298396FD00CB2444 /* DataModel.xcdatamodeld in Sources */,
				5A080F6B297E8762004DF4C7 /* CALayer.swift in Sources */,
				0927E04D296F960300B16CE4 /* ChattingTableViewController.swift in Sources */,
			);
			runOnlyForDeploymentPostprocessing = 0;
		};
/* End PBXSourcesBuildPhase section */

/* Begin PBXVariantGroup section */
		0990394529645C3D0007CCB5 /* LaunchScreen.storyboard */ = {
			isa = PBXVariantGroup;
			children = (
				0990394629645C3D0007CCB5 /* Base */,
			);
			name = LaunchScreen.storyboard;
			sourceTree = "<group>";
		};
/* End PBXVariantGroup section */

/* Begin XCBuildConfiguration section */
		0990394929645C3D0007CCB5 /* Debug */ = {
			isa = XCBuildConfiguration;
			buildSettings = {
				ALWAYS_SEARCH_USER_PATHS = NO;
				CLANG_ANALYZER_NONNULL = YES;
				CLANG_ANALYZER_NUMBER_OBJECT_CONVERSION = YES_AGGRESSIVE;
				CLANG_CXX_LANGUAGE_STANDARD = "gnu++20";
				CLANG_ENABLE_MODULES = YES;
				CLANG_ENABLE_OBJC_ARC = YES;
				CLANG_ENABLE_OBJC_WEAK = YES;
				CLANG_WARN_BLOCK_CAPTURE_AUTORELEASING = YES;
				CLANG_WARN_BOOL_CONVERSION = YES;
				CLANG_WARN_COMMA = YES;
				CLANG_WARN_CONSTANT_CONVERSION = YES;
				CLANG_WARN_DEPRECATED_OBJC_IMPLEMENTATIONS = YES;
				CLANG_WARN_DIRECT_OBJC_ISA_USAGE = YES_ERROR;
				CLANG_WARN_DOCUMENTATION_COMMENTS = YES;
				CLANG_WARN_EMPTY_BODY = YES;
				CLANG_WARN_ENUM_CONVERSION = YES;
				CLANG_WARN_INFINITE_RECURSION = YES;
				CLANG_WARN_INT_CONVERSION = YES;
				CLANG_WARN_NON_LITERAL_NULL_CONVERSION = YES;
				CLANG_WARN_OBJC_IMPLICIT_RETAIN_SELF = YES;
				CLANG_WARN_OBJC_LITERAL_CONVERSION = YES;
				CLANG_WARN_OBJC_ROOT_CLASS = YES_ERROR;
				CLANG_WARN_QUOTED_INCLUDE_IN_FRAMEWORK_HEADER = YES;
				CLANG_WARN_RANGE_LOOP_ANALYSIS = YES;
				CLANG_WARN_STRICT_PROTOTYPES = YES;
				CLANG_WARN_SUSPICIOUS_MOVE = YES;
				CLANG_WARN_UNGUARDED_AVAILABILITY = YES_AGGRESSIVE;
				CLANG_WARN_UNREACHABLE_CODE = YES;
				CLANG_WARN__DUPLICATE_METHOD_MATCH = YES;
				COPY_PHASE_STRIP = NO;
				DEBUG_INFORMATION_FORMAT = dwarf;
				ENABLE_STRICT_OBJC_MSGSEND = YES;
				ENABLE_TESTABILITY = YES;
				GCC_C_LANGUAGE_STANDARD = gnu11;
				GCC_DYNAMIC_NO_PIC = NO;
				GCC_NO_COMMON_BLOCKS = YES;
				GCC_OPTIMIZATION_LEVEL = 0;
				GCC_PREPROCESSOR_DEFINITIONS = (
					"DEBUG=1",
					"$(inherited)",
				);
				GCC_WARN_64_TO_32_BIT_CONVERSION = YES;
				GCC_WARN_ABOUT_RETURN_TYPE = YES_ERROR;
				GCC_WARN_UNDECLARED_SELECTOR = YES;
				GCC_WARN_UNINITIALIZED_AUTOS = YES_AGGRESSIVE;
				GCC_WARN_UNUSED_FUNCTION = YES;
				GCC_WARN_UNUSED_VARIABLE = YES;
				IPHONEOS_DEPLOYMENT_TARGET = 16.1;
				MTL_ENABLE_DEBUG_INFO = INCLUDE_SOURCE;
				MTL_FAST_MATH = YES;
				ONLY_ACTIVE_ARCH = YES;
				SDKROOT = iphoneos;
				SWIFT_ACTIVE_COMPILATION_CONDITIONS = DEBUG;
				SWIFT_OPTIMIZATION_LEVEL = "-Onone";
			};
			name = Debug;
		};
		0990394A29645C3D0007CCB5 /* Release */ = {
			isa = XCBuildConfiguration;
			buildSettings = {
				ALWAYS_SEARCH_USER_PATHS = NO;
				CLANG_ANALYZER_NONNULL = YES;
				CLANG_ANALYZER_NUMBER_OBJECT_CONVERSION = YES_AGGRESSIVE;
				CLANG_CXX_LANGUAGE_STANDARD = "gnu++20";
				CLANG_ENABLE_MODULES = YES;
				CLANG_ENABLE_OBJC_ARC = YES;
				CLANG_ENABLE_OBJC_WEAK = YES;
				CLANG_WARN_BLOCK_CAPTURE_AUTORELEASING = YES;
				CLANG_WARN_BOOL_CONVERSION = YES;
				CLANG_WARN_COMMA = YES;
				CLANG_WARN_CONSTANT_CONVERSION = YES;
				CLANG_WARN_DEPRECATED_OBJC_IMPLEMENTATIONS = YES;
				CLANG_WARN_DIRECT_OBJC_ISA_USAGE = YES_ERROR;
				CLANG_WARN_DOCUMENTATION_COMMENTS = YES;
				CLANG_WARN_EMPTY_BODY = YES;
				CLANG_WARN_ENUM_CONVERSION = YES;
				CLANG_WARN_INFINITE_RECURSION = YES;
				CLANG_WARN_INT_CONVERSION = YES;
				CLANG_WARN_NON_LITERAL_NULL_CONVERSION = YES;
				CLANG_WARN_OBJC_IMPLICIT_RETAIN_SELF = YES;
				CLANG_WARN_OBJC_LITERAL_CONVERSION = YES;
				CLANG_WARN_OBJC_ROOT_CLASS = YES_ERROR;
				CLANG_WARN_QUOTED_INCLUDE_IN_FRAMEWORK_HEADER = YES;
				CLANG_WARN_RANGE_LOOP_ANALYSIS = YES;
				CLANG_WARN_STRICT_PROTOTYPES = YES;
				CLANG_WARN_SUSPICIOUS_MOVE = YES;
				CLANG_WARN_UNGUARDED_AVAILABILITY = YES_AGGRESSIVE;
				CLANG_WARN_UNREACHABLE_CODE = YES;
				CLANG_WARN__DUPLICATE_METHOD_MATCH = YES;
				COPY_PHASE_STRIP = NO;
				DEBUG_INFORMATION_FORMAT = "dwarf-with-dsym";
				ENABLE_NS_ASSERTIONS = NO;
				ENABLE_STRICT_OBJC_MSGSEND = YES;
				GCC_C_LANGUAGE_STANDARD = gnu11;
				GCC_NO_COMMON_BLOCKS = YES;
				GCC_WARN_64_TO_32_BIT_CONVERSION = YES;
				GCC_WARN_ABOUT_RETURN_TYPE = YES_ERROR;
				GCC_WARN_UNDECLARED_SELECTOR = YES;
				GCC_WARN_UNINITIALIZED_AUTOS = YES_AGGRESSIVE;
				GCC_WARN_UNUSED_FUNCTION = YES;
				GCC_WARN_UNUSED_VARIABLE = YES;
				IPHONEOS_DEPLOYMENT_TARGET = 16.1;
				MTL_ENABLE_DEBUG_INFO = NO;
				MTL_FAST_MATH = YES;
				SDKROOT = iphoneos;
				SWIFT_COMPILATION_MODE = wholemodule;
				SWIFT_OPTIMIZATION_LEVEL = "-O";
				VALIDATE_PRODUCT = YES;
			};
			name = Release;
		};
		0990394C29645C3D0007CCB5 /* Debug */ = {
			isa = XCBuildConfiguration;
			baseConfigurationReference = DB3340AD52661E0631DFC930 /* Pods-talk_iOS.debug.xcconfig */;
			buildSettings = {
				ASSETCATALOG_COMPILER_APPICON_NAME = AppIcon;
				ASSETCATALOG_COMPILER_GLOBAL_ACCENT_COLOR_NAME = AccentColor;
				CODE_SIGN_STYLE = Automatic;
				CURRENT_PROJECT_VERSION = 1;
				DEVELOPMENT_TEAM = 7XMM953B2B;
				GENERATE_INFOPLIST_FILE = YES;
				INFOPLIST_FILE = talk_iOS/Info.plist;
				INFOPLIST_KEY_UIApplicationSupportsIndirectInputEvents = YES;
				INFOPLIST_KEY_UILaunchStoryboardName = LaunchScreen;
				INFOPLIST_KEY_UIMainStoryboardFile = Main;
				INFOPLIST_KEY_UIStatusBarStyle = "";
				INFOPLIST_KEY_UISupportedInterfaceOrientations_iPad = "UIInterfaceOrientationPortrait UIInterfaceOrientationPortraitUpsideDown UIInterfaceOrientationLandscapeLeft UIInterfaceOrientationLandscapeRight";
				INFOPLIST_KEY_UISupportedInterfaceOrientations_iPhone = "UIInterfaceOrientationPortrait UIInterfaceOrientationLandscapeLeft UIInterfaceOrientationLandscapeRight";
				IPHONEOS_DEPLOYMENT_TARGET = 16.0;
				LD_RUNPATH_SEARCH_PATHS = (
					"$(inherited)",
					"@executable_path/Frameworks",
				);
				MARKETING_VERSION = 1.0;
				PRODUCT_BUNDLE_IDENTIFIER = "com.J.talk-iOS-";
				PRODUCT_NAME = "$(TARGET_NAME)";
				SWIFT_EMIT_LOC_STRINGS = YES;
				SWIFT_VERSION = 5.0;
				TARGETED_DEVICE_FAMILY = "1,2";
			};
			name = Debug;
		};
		0990394D29645C3D0007CCB5 /* Release */ = {
			isa = XCBuildConfiguration;
			baseConfigurationReference = D85FC97A712F73F7A6502D45 /* Pods-talk_iOS.release.xcconfig */;
			buildSettings = {
				ASSETCATALOG_COMPILER_APPICON_NAME = AppIcon;
				ASSETCATALOG_COMPILER_GLOBAL_ACCENT_COLOR_NAME = AccentColor;
				CODE_SIGN_STYLE = Automatic;
				CURRENT_PROJECT_VERSION = 1;
				DEVELOPMENT_TEAM = 7XMM953B2B;
				GENERATE_INFOPLIST_FILE = YES;
				INFOPLIST_FILE = talk_iOS/Info.plist;
				INFOPLIST_KEY_UIApplicationSupportsIndirectInputEvents = YES;
				INFOPLIST_KEY_UILaunchStoryboardName = LaunchScreen;
				INFOPLIST_KEY_UIMainStoryboardFile = Main;
				INFOPLIST_KEY_UIStatusBarStyle = "";
				INFOPLIST_KEY_UISupportedInterfaceOrientations_iPad = "UIInterfaceOrientationPortrait UIInterfaceOrientationPortraitUpsideDown UIInterfaceOrientationLandscapeLeft UIInterfaceOrientationLandscapeRight";
				INFOPLIST_KEY_UISupportedInterfaceOrientations_iPhone = "UIInterfaceOrientationPortrait UIInterfaceOrientationLandscapeLeft UIInterfaceOrientationLandscapeRight";
				IPHONEOS_DEPLOYMENT_TARGET = 16.0;
				LD_RUNPATH_SEARCH_PATHS = (
					"$(inherited)",
					"@executable_path/Frameworks",
				);
				MARKETING_VERSION = 1.0;
				PRODUCT_BUNDLE_IDENTIFIER = "com.J.talk-iOS";
				PRODUCT_NAME = "$(TARGET_NAME)";
				SWIFT_EMIT_LOC_STRINGS = YES;
				SWIFT_VERSION = 5.0;
				TARGETED_DEVICE_FAMILY = "1,2";
			};
			name = Release;
		};
/* End XCBuildConfiguration section */

/* Begin XCConfigurationList section */
		0990393229645C3C0007CCB5 /* Build configuration list for PBXProject "talk_iOS" */ = {
			isa = XCConfigurationList;
			buildConfigurations = (
				0990394929645C3D0007CCB5 /* Debug */,
				0990394A29645C3D0007CCB5 /* Release */,
			);
			defaultConfigurationIsVisible = 0;
			defaultConfigurationName = Release;
		};
		0990394B29645C3D0007CCB5 /* Build configuration list for PBXNativeTarget "talk_iOS" */ = {
			isa = XCConfigurationList;
			buildConfigurations = (
				0990394C29645C3D0007CCB5 /* Debug */,
				0990394D29645C3D0007CCB5 /* Release */,
			);
			defaultConfigurationIsVisible = 0;
			defaultConfigurationName = Release;
		};
/* End XCConfigurationList section */

/* Begin XCVersionGroup section */
		094E87A7298396FD00CB2444 /* DataModel.xcdatamodeld */ = {
			isa = XCVersionGroup;
			children = (
				094E87A8298396FD00CB2444 /* Model.xcdatamodel */,
			);
			currentVersion = 094E87A8298396FD00CB2444 /* Model.xcdatamodel */;
			path = DataModel.xcdatamodeld;
			sourceTree = "<group>";
			versionGroupType = wrapper.xcdatamodel;
		};
/* End XCVersionGroup section */
	};
	rootObject = 0990392F29645C3C0007CCB5 /* Project object */;
}
